
Microsoft Visual Studio Solution File, Format Version 12.00
# Visual Studio Version 16
VisualStudioVersion = 16.0.30523.141
MinimumVisualStudioVersion = 10.0.40219.1
Project("{FAE04EC0-301F-11D3-BF4B-00C04F79EFBC}") = "PalinDromeExercise", "PalinDromeExercise\PalinDromeExercise.csproj", "{D6E7B12B-550D-4ED4-AFD8-E2303C9F50AC}"
EndProject
Global
	GlobalSection(SolutionConfigurationPlatforms) = preSolution
		Debug|Any CPU = Debug|Any CPU
		Release|Any CPU = Release|Any CPU
	EndGlobalSection
	GlobalSection(ProjectConfigurationPlatforms) = postSolution
		{D6E7B12B-550D-4ED4-AFD8-E2303C9F50AC}.Debug|Any CPU.ActiveCfg = Debug|Any CPU
		{D6E7B12B-550D-4ED4-AFD8-E2303C9F50AC}.Debug|Any CPU.Build.0 = Debug|Any CPU
		{D6E7B12B-550D-4ED4-AFD8-E2303C9F50AC}.Release|Any CPU.ActiveCfg = Release|Any CPU
		{D6E7B12B-550D-4ED4-AFD8-E2303C9F50AC}.Release|Any CPU.Build.0 = Release|Any CPU
	EndGlobalSection
	GlobalSection(SolutionProperties) = preSolution
		HideSolutionNode = FALSE
	EndGlobalSection
	GlobalSection(ExtensibilityGlobals) = postSolution
		SolutionGuid = {BA5F0073-A9BA-47A9-879D-B452FD6054F3}
	EndGlobalSection
EndGlobal
